
Microsoft Visual Studio Solution File, Format Version 12.00
# Visual Studio Version 17
VisualStudioVersion = 17.5.33530.505
MinimumVisualStudioVersion = 10.0.40219.1
Project("{FAE04EC0-301F-11D3-BF4B-00C04F79EFBC}") = "AInterfaceLayer", "AInterfaceLayer\AInterfaceLayer.csproj", "{2C822365-A07E-41DC-BCB9-0F7420A6DDD5}"
EndProject
Project("{FAE04EC0-301F-11D3-BF4B-00C04F79EFBC}") = "BBussinesLogicLayer", "BBussinesLogicLayer\BBussinesLogicLayer.csproj", "{DF532363-1A15-4491-A3D3-A4FFB572BCD4}"
EndProject
Project("{FAE04EC0-301F-11D3-BF4B-00C04F79EFBC}") = "CDataAccessLayer", "CDataAccessLayer\CDataAccessLayer.csproj", "{B31E5881-C0B9-43A7-B886-6D1A9F2BE858}"
EndProject
Global
	GlobalSection(SolutionConfigurationPlatforms) = preSolution
		Debug|Any CPU = Debug|Any CPU
		Release|Any CPU = Release|Any CPU
	EndGlobalSection
	GlobalSection(ProjectConfigurationPlatforms) = postSolution
		{2C822365-A07E-41DC-BCB9-0F7420A6DDD5}.Debug|Any CPU.ActiveCfg = Debug|Any CPU
		{2C822365-A07E-41DC-BCB9-0F7420A6DDD5}.Debug|Any CPU.Build.0 = Debug|Any CPU
		{2C822365-A07E-41DC-BCB9-0F7420A6DDD5}.Release|Any CPU.ActiveCfg = Release|Any CPU
		{2C822365-A07E-41DC-BCB9-0F7420A6DDD5}.Release|Any CPU.Build.0 = Release|Any CPU
		{DF532363-1A15-4491-A3D3-A4FFB572BCD4}.Debug|Any CPU.ActiveCfg = Debug|Any CPU
		{DF532363-1A15-4491-A3D3-A4FFB572BCD4}.Debug|Any CPU.Build.0 = Debug|Any CPU
		{DF532363-1A15-4491-A3D3-A4FFB572BCD4}.Release|Any CPU.ActiveCfg = Release|Any CPU
		{DF532363-1A15-4491-A3D3-A4FFB572BCD4}.Release|Any CPU.Build.0 = Release|Any CPU
		{B31E5881-C0B9-43A7-B886-6D1A9F2BE858}.Debug|Any CPU.ActiveCfg = Debug|Any CPU
		{B31E5881-C0B9-43A7-B886-6D1A9F2BE858}.Debug|Any CPU.Build.0 = Debug|Any CPU
		{B31E5881-C0B9-43A7-B886-6D1A9F2BE858}.Release|Any CPU.ActiveCfg = Release|Any CPU
		{B31E5881-C0B9-43A7-B886-6D1A9F2BE858}.Release|Any CPU.Build.0 = Release|Any CPU
	EndGlobalSection
	GlobalSection(SolutionProperties) = preSolution
		HideSolutionNode = FALSE
	EndGlobalSection
	GlobalSection(ExtensibilityGlobals) = postSolution
		SolutionGuid = {F7C15D9A-44F2-45A7-8138-10A0A56FEAA8}
	EndGlobalSection
EndGlobal
